
Microsoft Visual Studio Solution File, Format Version 12.00
# Visual Studio Version 17
VisualStudioVersion = 17.13.36105.23
MinimumVisualStudioVersion = 10.0.40219.1
Project("{FAE04EC0-301F-11D3-BF4B-00C04F79EFBC}") = "Xcelerator", "Xcelerator\Xcelerator.csproj", "{4E02CBC2-3698-4BA7-AF5D-CDF176F8F8A1}"
	ProjectSection(ProjectDependencies) = postProject
		{65119E80-F8BB-4434-A763-EE303F8CBF6F} = {65119E80-F8BB-4434-A763-EE303F8CBF6F}
	EndProjectSection
EndProject
Project("{FAE04EC0-301F-11D3-BF4B-00C04F79EFBC}") = "Xcelerator.NiceClient", "Xcelerator.NiceClient\Xcelerator.NiceClient.csproj", "{16F982D6-0FE0-49CA-970A-ADAAB1CA7E4B}"
EndProject
Project("{FAE04EC0-301F-11D3-BF4B-00C04F79EFBC}") = "Xcelerator.LogEngine", "Xcelerator.LogEngine\Xcelerator.LogEngine.csproj", "{65119E80-F8BB-4434-A763-EE303F8CBF6F}"
EndProject
Project("{FAE04EC0-301F-11D3-BF4B-00C04F79EFBC}") = "Xcelerator.LogEngine.Tests", "Xcelerator.LogEngine.Tests\Xcelerator.LogEngine.Tests.csproj", "{05C9D8DE-107A-8CAD-E338-C42637C381F5}"
EndProject
Global
	GlobalSection(SolutionConfigurationPlatforms) = preSolution
		Debug|Any CPU = Debug|Any CPU
		Debug|x64 = Debug|x64
		Debug|x86 = Debug|x86
		Release|Any CPU = Release|Any CPU
		Release|x64 = Release|x64
		Release|x86 = Release|x86
	EndGlobalSection
	GlobalSection(ProjectConfigurationPlatforms) = postSolution
		{4E02CBC2-3698-4BA7-AF5D-CDF176F8F8A1}.Debug|Any CPU.ActiveCfg = Debug|Any CPU
		{4E02CBC2-3698-4BA7-AF5D-CDF176F8F8A1}.Debug|Any CPU.Build.0 = Debug|Any CPU
		{4E02CBC2-3698-4BA7-AF5D-CDF176F8F8A1}.Debug|x64.ActiveCfg = Debug|Any CPU
		{4E02CBC2-3698-4BA7-AF5D-CDF176F8F8A1}.Debug|x64.Build.0 = Debug|Any CPU
		{4E02CBC2-3698-4BA7-AF5D-CDF176F8F8A1}.Debug|x86.ActiveCfg = Debug|Any CPU
		{4E02CBC2-3698-4BA7-AF5D-CDF176F8F8A1}.Debug|x86.Build.0 = Debug|Any CPU
		{4E02CBC2-3698-4BA7-AF5D-CDF176F8F8A1}.Release|Any CPU.ActiveCfg = Release|Any CPU
		{4E02CBC2-3698-4BA7-AF5D-CDF176F8F8A1}.Release|Any CPU.Build.0 = Release|Any CPU
		{4E02CBC2-3698-4BA7-AF5D-CDF176F8F8A1}.Release|x64.ActiveCfg = Release|Any CPU
		{4E02CBC2-3698-4BA7-AF5D-CDF176F8F8A1}.Release|x64.Build.0 = Release|Any CPU
		{4E02CBC2-3698-4BA7-AF5D-CDF176F8F8A1}.Release|x86.ActiveCfg = Release|Any CPU
		{4E02CBC2-3698-4BA7-AF5D-CDF176F8F8A1}.Release|x86.Build.0 = Release|Any CPU
		{16F982D6-0FE0-49CA-970A-ADAAB1CA7E4B}.Debug|Any CPU.ActiveCfg = Debug|Any CPU
		{16F982D6-0FE0-49CA-970A-ADAAB1CA7E4B}.Debug|Any CPU.Build.0 = Debug|Any CPU
		{16F982D6-0FE0-49CA-970A-ADAAB1CA7E4B}.Debug|x64.ActiveCfg = Debug|Any CPU
		{16F982D6-0FE0-49CA-970A-ADAAB1CA7E4B}.Debug|x64.Build.0 = Debug|Any CPU
		{16F982D6-0FE0-49CA-970A-ADAAB1CA7E4B}.Debug|x86.ActiveCfg = Debug|Any CPU
		{16F982D6-0FE0-49CA-970A-ADAAB1CA7E4B}.Debug|x86.Build.0 = Debug|Any CPU
		{16F982D6-0FE0-49CA-970A-ADAAB1CA7E4B}.Release|Any CPU.ActiveCfg = Release|Any CPU
		{16F982D6-0FE0-49CA-970A-ADAAB1CA7E4B}.Release|Any CPU.Build.0 = Release|Any CPU
		{16F982D6-0FE0-49CA-970A-ADAAB1CA7E4B}.Release|x64.ActiveCfg = Release|Any CPU
		{16F982D6-0FE0-49CA-970A-ADAAB1CA7E4B}.Release|x64.Build.0 = Release|Any CPU
		{16F982D6-0FE0-49CA-970A-ADAAB1CA7E4B}.Release|x86.ActiveCfg = Release|Any CPU
		{16F982D6-0FE0-49CA-970A-ADAAB1CA7E4B}.Release|x86.Build.0 = Release|Any CPU
		{65119E80-F8BB-4434-A763-EE303F8CBF6F}.Debug|Any CPU.ActiveCfg = Debug|Any CPU
		{65119E80-F8BB-4434-A763-EE303F8CBF6F}.Debug|Any CPU.Build.0 = Debug|Any CPU
		{65119E80-F8BB-4434-A763-EE303F8CBF6F}.Debug|x64.ActiveCfg = Debug|Any CPU
		{65119E80-F8BB-4434-A763-EE303F8CBF6F}.Debug|x64.Build.0 = Debug|Any CPU
		{65119E80-F8BB-4434-A763-EE303F8CBF6F}.Debug|x86.ActiveCfg = Debug|Any CPU
		{65119E80-F8BB-4434-A763-EE303F8CBF6F}.Debug|x86.Build.0 = Debug|Any CPU
		{65119E80-F8BB-4434-A763-EE303F8CBF6F}.Release|Any CPU.ActiveCfg = Release|Any CPU
		{65119E80-F8BB-4434-A763-EE303F8CBF6F}.Release|Any CPU.Build.0 = Release|Any CPU
		{65119E80-F8BB-4434-A763-EE303F8CBF6F}.Release|x64.ActiveCfg = Release|Any CPU
		{65119E80-F8BB-4434-A763-EE303F8CBF6F}.Release|x64.Build.0 = Release|Any CPU
		{65119E80-F8BB-4434-A763-EE303F8CBF6F}.Release|x86.ActiveCfg = Release|Any CPU
		{65119E80-F8BB-4434-A763-EE303F8CBF6F}.Release|x86.Build.0 = Release|Any CPU
		{05C9D8DE-107A-8CAD-E338-C42637C381F5}.Debug|Any CPU.ActiveCfg = Debug|Any CPU
		{05C9D8DE-107A-8CAD-E338-C42637C381F5}.Debug|Any CPU.Build.0 = Debug|Any CPU
		{05C9D8DE-107A-8CAD-E338-C42637C381F5}.Debug|x64.ActiveCfg = Debug|Any CPU
		{05C9D8DE-107A-8CAD-E338-C42637C381F5}.Debug|x64.Build.0 = Debug|Any CPU
		{05C9D8DE-107A-8CAD-E338-C42637C381F5}.Debug|x86.ActiveCfg = Debug|Any CPU
		{05C9D8DE-107A-8CAD-E338-C42637C381F5}.Debug|x86.Build.0 = Debug|Any CPU
		{05C9D8DE-107A-8CAD-E338-C42637C381F5}.Release|Any CPU.ActiveCfg = Release|Any CPU
		{05C9D8DE-107A-8CAD-E338-C42637C381F5}.Release|Any CPU.Build.0 = Release|Any CPU
		{05C9D8DE-107A-8CAD-E338-C42637C381F5}.Release|x64.ActiveCfg = Release|Any CPU
		{05C9D8DE-107A-8CAD-E338-C42637C381F5}.Release|x64.Build.0 = Release|Any CPU
		{05C9D8DE-107A-8CAD-E338-C42637C381F5}.Release|x86.ActiveCfg = Release|Any CPU
		{05C9D8DE-107A-8CAD-E338-C42637C381F5}.Release|x86.Build.0 = Release|Any CPU
	EndGlobalSection
	GlobalSection(SolutionProperties) = preSolution
		HideSolutionNode = FALSE
	EndGlobalSection
	GlobalSection(ExtensibilityGlobals) = postSolution
		SolutionGuid = {BD389D8A-6208-44B5-ABBB-1733FE8DD4EF}
	EndGlobalSection
EndGlobal
